{"packages":{"event_stream":{"version":"0.1.1","source":"git","description":{"url":"https://github.com/ejsmith/event_stream.git","ref":null,"resolved-ref":"acf3f4612719c76c4a48f73c6ed4447b49210c4b"}},"browser":{"version":"0.3.2","source":"hosted","description":"browser"},"unittest":{"version":"0.3.2","source":"hosted","description":"unittest"},"dgame":{"version":"0.1.0","source":"git","description":{"url":"https://github.com/ejsmith/dgame.git","ref":null,"resolved-ref":"567a227aa9c29e9865b8c3a02d645762a47bcc50"}},"meta":{"version":"0.3.2","source":"hosted","description":"meta"}}}